
Microsoft Visual Studio Solution File, Format Version 12.00
# Visual Studio Version 17
VisualStudioVersion = 17.1.32421.90
MinimumVisualStudioVersion = 10.0.40219.1
Project("{FAE04EC0-301F-11D3-BF4B-00C04F79EFBC}") = "pruebatristanp-11", "pruebatristanp-11\pruebatristanp-11.csproj", "{0595F7DF-5FEB-4570-A932-6FF490CC377C}"
EndProject
Global
	GlobalSection(SolutionConfigurationPlatforms) = preSolution
		Debug|Any CPU = Debug|Any CPU
		Release|Any CPU = Release|Any CPU
	EndGlobalSection
	GlobalSection(ProjectConfigurationPlatforms) = postSolution
		{0595F7DF-5FEB-4570-A932-6FF490CC377C}.Debug|Any CPU.ActiveCfg = Debug|Any CPU
		{0595F7DF-5FEB-4570-A932-6FF490CC377C}.Debug|Any CPU.Build.0 = Debug|Any CPU
		{0595F7DF-5FEB-4570-A932-6FF490CC377C}.Release|Any CPU.ActiveCfg = Release|Any CPU
		{0595F7DF-5FEB-4570-A932-6FF490CC377C}.Release|Any CPU.Build.0 = Release|Any CPU
	EndGlobalSection
	GlobalSection(SolutionProperties) = preSolution
		HideSolutionNode = FALSE
	EndGlobalSection
	GlobalSection(ExtensibilityGlobals) = postSolution
		SolutionGuid = {29E2593D-AF19-49C2-AAA2-B7EE79F1052D}
	EndGlobalSection
EndGlobal
